// !$*UTF8*$!
{
	archiveVersion = 1;
	classes = {
	};
	objectVersion = 46;
	objects = {

/* Begin PBXBuildFile section */
		18A313B71D772EDF00F5BBFC /* Lab 2.cpp in Sources */ = {isa = PBXBuildFile; fileRef = 18A313B61D772EDF00F5BBFC /* Lab 2.cpp */; };
/* End PBXBuildFile section */

/* Begin PBXCopyFilesBuildPhase section */
		18A313B11D772EDF00F5BBFC /* CopyFiles */ = {
			isa = PBXCopyFilesBuildPhase;
			buildActionMask = 2147483647;
			dstPath = /usr/share/man/man1/;
			dstSubfolderSpec = 0;
			files = (
			);
			runOnlyForDeploymentPostprocessing = 1;
		};
/* End PBXCopyFilesBuildPhase section */

/* Begin PBXFileReference section */
		1823F17A1D779AE400849587 /* Lab 2_output.txt */ = {isa = PBXFileReference; lastKnownFileType = text; path = "Lab 2_output.txt"; sourceTree = "<group>"; };
		18A313B31D772EDF00F5BBFC /* Lab 2 */ = {isa = PBXFileReference; explicitFileType = "compiled.mach-o.executable"; includeInIndex = 0; path = "Lab 2"; sourceTree = BUILT_PRODUCTS_DIR; };
		18A313B61D772EDF00F5BBFC /* Lab 2.cpp */ = {isa = PBXFileReference; lastKnownFileType = sourcecode.cpp.cpp; path = "Lab 2.cpp"; sourceTree = "<group>"; usesTabs = 1; };
/* End PBXFileReference section */

/* Begin PBXFrameworksBuildPhase section */
		18A313B01D772EDF00F5BBFC /* Frameworks */ = {
			isa = PBXFrameworksBuildPhase;
			buildActionMask = 2147483647;
			files = (
			);
			runOnlyForDeploymentPostprocessing = 0;
		};
/* End PBXFrameworksBuildPhase section */

/* Begin PBXGroup section */
		18A313AA1D772EDF00F5BBFC = {
			isa = PBXGroup;
			children = (
				18A313B51D772EDF00F5BBFC /* Lab 2 */,
				18A313B41D772EDF00F5BBFC /* Products */,
			);
			sourceTree = "<group>";
		};
		18A313B41D772EDF00F5BBFC /* Products */ = {
			isa = PBXGroup;
			children = (
				18A313B31D772EDF00F5BBFC /* Lab 2 */,
			);
			name = Products;
			sourceTree = "<group>";
		};
		18A313B51D772EDF00F5BBFC /* Lab 2 */ = {
			isa = PBXGroup;
			children = (
				18A313B61D772EDF00F5BBFC /* Lab 2.cpp */,
				1823F17A1D779AE400849587 /* Lab 2_output.txt */,
			);
			path = "Lab 2";
			sourceTree = "<group>";
		};
/* End PBXGroup section */

/* Begin PBXNativeTarget section */
		18A313B21D772EDF00F5BBFC /* Lab 2 */ = {
			isa = PBXNativeTarget;
			buildConfigurationList = 18A313BA1D772EDF00F5BBFC /* Build configuration list for PBXNativeTarget "Lab 2" */;
			buildPhases = (
				18A313AF1D772EDF00F5BBFC /* Sources */,
				18A313B01D772EDF00F5BBFC /* Frameworks */,
				18A313B11D772EDF00F5BBFC /* CopyFiles */,
			);
			buildRules = (
			);
			dependencies = (
			);
			name = "Lab 2";
			productName = "Lab 2";
			productReference = 18A313B31D772EDF00F5BBFC /* Lab 2 */;
			productType = "com.apple.product-type.tool";
		};
/* End PBXNativeTarget section */

/* Begin PBXProject section */
		18A313AB1D772EDF00F5BBFC /* Project object */ = {
			isa = PBXProject;
			attributes = {
				LastUpgradeCheck = 0720;
				ORGANIZATIONNAME = "Johanny Mateo";
				TargetAttributes = {
					18A313B21D772EDF00F5BBFC = {
						CreatedOnToolsVersion = 7.2.1;
					};
				};
			};
			buildConfigurationList = 18A313AE1D772EDF00F5BBFC /* Build configuration list for PBXProject "Lab 2" */;
			compatibilityVersion = "Xcode 3.2";
			developmentRegion = English;
			hasScannedForEncodings = 0;
			knownRegions = (
				en,
			);
			mainGroup = 18A313AA1D772EDF00F5BBFC;
			productRefGroup = 18A313B41D772EDF00F5BBFC /* Products */;
			projectDirPath = "";
			projectRoot = "";
			targets = (
				18A313B21D772EDF00F5BBFC /* Lab 2 */,
			);
		};
/* End PBXProject section */

/* Begin PBXSourcesBuildPhase section */
		18A313AF1D772EDF00F5BBFC /* Sources */ = {
			isa = PBXSourcesBuildPhase;
			buildActionMask = 2147483647;
			files = (
				18A313B71D772EDF00F5BBFC /* Lab 2.cpp in Sources */,
			);
			runOnlyForDeploymentPostprocessing = 0;
		};
/* End PBXSourcesBuildPhase section */

/* Begin XCBuildConfiguration section */
		18A313B81D772EDF00F5BBFC /* Debug */ = {
			isa = XCBuildConfiguration;
			buildSettings = {
				ALWAYS_SEARCH_USER_PATHS = NO;
				CLANG_CXX_LANGUAGE_STANDARD = "gnu++0x";
				CLANG_CXX_LIBRARY = "libc++";
				CLANG_ENABLE_MODULES = YES;
				CLANG_ENABLE_OBJC_ARC = YES;
				CLANG_WARN_BOOL_CONVERSION = YES;
				CLANG_WARN_CONSTANT_CONVERSION = YES;
				CLANG_WARN_DIRECT_OBJC_ISA_USAGE = YES_ERROR;
				CLANG_WARN_EMPTY_BODY = YES;
				CLANG_WARN_ENUM_CONVERSION = YES;
				CLANG_WARN_INT_CONVERSION = YES;
				CLANG_WARN_OBJC_ROOT_CLASS = YES_ERROR;
				CLANG_WARN_UNREACHABLE_CODE = YES;
				CLANG_WARN__DUPLICATE_METHOD_MATCH = YES;
				CODE_SIGN_IDENTITY = "-";
				COPY_PHASE_STRIP = NO;
				DEBUG_INFORMATION_FORMAT = dwarf;
				ENABLE_STRICT_OBJC_MSGSEND = YES;
				ENABLE_TESTABILITY = YES;
				GCC_C_LANGUAGE_STANDARD = gnu99;
				GCC_DYNAMIC_NO_PIC = NO;
				GCC_NO_COMMON_BLOCKS = YES;
				GCC_OPTIMIZATION_LEVEL = 0;
				GCC_PREPROCESSOR_DEFINITIONS = (
					"DEBUG=1",
					"$(inherited)",
				);
				GCC_WARN_64_TO_32_BIT_CONVERSION = YES;
				GCC_WARN_ABOUT_RETURN_TYPE = YES_ERROR;
				GCC_WARN_UNDECLARED_SELECTOR = YES;
				GCC_WARN_UNINITIALIZED_AUTOS = YES_AGGRESSIVE;
				GCC_WARN_UNUSED_FUNCTION = YES;
				GCC_WARN_UNUSED_VARIABLE = YES;
				MACOSX_DEPLOYMENT_TARGET = 10.10;
				MTL_ENABLE_DEBUG_INFO = YES;
				ONLY_ACTIVE_ARCH = YES;
				SDKROOT = macosx;
			};
			name = Debug;
		};
		18A313B91D772EDF00F5BBFC /* Release */ = {
			isa = XCBuildConfiguration;
			buildSettings = {
				ALWAYS_SEARCH_USER_PATHS = NO;
				CLANG_CXX_LANGUAGE_STANDARD = "gnu++0x";
				CLANG_CXX_LIBRARY = "libc++";
				CLANG_ENABLE_MODULES = YES;
				CLANG_ENABLE_OBJC_ARC = YES;
				CLANG_WARN_BOOL_CONVERSION = YES;
				CLANG_WARN_CONSTANT_CONVERSION = YES;
				CLANG_WARN_DIRECT_OBJC_ISA_USAGE = YES_ERROR;
				CLANG_WARN_EMPTY_BODY = YES;
				CLANG_WARN_ENUM_CONVERSION = YES;
				CLANG_WARN_INT_CONVERSION = YES;
				CLANG_WARN_OBJC_ROOT_CLASS = YES_ERROR;
				CLANG_WARN_UNREACHABLE_CODE = YES;
				CLANG_WARN__DUPLICATE_METHOD_MATCH = YES;
				CODE_SIGN_IDENTITY = "-";
				COPY_PHASE_STRIP = NO;
				DEBUG_INFORMATION_FORMAT = "dwarf-with-dsym";
				ENABLE_NS_ASSERTIONS = NO;
				ENABLE_STRICT_OBJC_MSGSEND = YES;
				GCC_C_LANGUAGE_STANDARD = gnu99;
				GCC_NO_COMMON_BLOCKS = YES;
				GCC_WARN_64_TO_32_BIT_CONVERSION = YES;
				GCC_WARN_ABOUT_RETURN_TYPE = YES_ERROR;
				GCC_WARN_UNDECLARED_SELECTOR = YES;
				GCC_WARN_UNINITIALIZED_AUTOS = YES_AGGRESSIVE;
				GCC_WARN_UNUSED_FUNCTION = YES;
				GCC_WARN_UNUSED_VARIABLE = YES;
				MACOSX_DEPLOYMENT_TARGET = 10.10;
				MTL_ENABLE_DEBUG_INFO = NO;
				SDKROOT = macosx;
			};
			name = Release;
		};
		18A313BB1D772EDF00F5BBFC /* Debug */ = {
			isa = XCBuildConfiguration;
			buildSettings = {
				PRODUCT_NAME = "$(TARGET_NAME)";
			};
			name = Debug;
		};
		18A313BC1D772EDF00F5BBFC /* Release */ = {
			isa = XCBuildConfiguration;
			buildSettings = {
				PRODUCT_NAME = "$(TARGET_NAME)";
			};
			name = Release;
		};
/* End XCBuildConfiguration section */

/* Begin XCConfigurationList section */
		18A313AE1D772EDF00F5BBFC /* Build configuration list for PBXProject "Lab 2" */ = {
			isa = XCConfigurationList;
			buildConfigurations = (
				18A313B81D772EDF00F5BBFC /* Debug */,
				18A313B91D772EDF00F5BBFC /* Release */,
			);
			defaultConfigurationIsVisible = 0;
			defaultConfigurationName = Release;
		};
		18A313BA1D772EDF00F5BBFC /* Build configuration list for PBXNativeTarget "Lab 2" */ = {
			isa = XCConfigurationList;
			buildConfigurations = (
				18A313BB1D772EDF00F5BBFC /* Debug */,
				18A313BC1D772EDF00F5BBFC /* Release */,
			);
			defaultConfigurationIsVisible = 0;
			defaultConfigurationName = Release;
		};
/* End XCConfigurationList section */
	};
	rootObject = 18A313AB1D772EDF00F5BBFC /* Project object */;
}
